# @generated by Move, please check-in and do not edit manually.

[move]
version = 3
manifest_digest = "4FB917AFDC7772D171B0268FA0F4DE10502E05DA4CEDDFFB3660702E2D202440"
deps_digest = "F9B494B64F0615AED0E98FC12A85B85ECD2BC5185C22D30E7F67786BB52E507C"
dependencies = [
  { id = "Bridge", name = "Bridge" },
  { id = "MoveStdlib", name = "MoveStdlib" },
  { id = "Sui", name = "Sui" },
  { id = "SuiSystem", name = "SuiSystem" },
]

[[move.package]]
id = "Bridge"
source = { git = "https://github.com/MystenLabs/sui.git", rev = "fbb68879cbd1", subdir = "crates/sui-framework/packages/bridge" }

dependencies = [
  { id = "MoveStdlib", name = "MoveStdlib" },
  { id = "Sui", name = "Sui" },
  { id = "SuiSystem", name = "SuiSystem" },
]

[[move.package]]
id = "MoveStdlib"
source = { git = "https://github.com/MystenLabs/sui.git", rev = "fbb68879cbd1", subdir = "crates/sui-framework/packages/move-stdlib" }

[[move.package]]
id = "Sui"
source = { git = "https://github.com/MystenLabs/sui.git", rev = "fbb68879cbd1", subdir = "crates/sui-framework/packages/sui-framework" }

dependencies = [
  { id = "MoveStdlib", name = "MoveStdlib" },
]

[[move.package]]
id = "SuiSystem"
source = { git = "https://github.com/MystenLabs/sui.git", rev = "fbb68879cbd1", subdir = "crates/sui-framework/packages/sui-system" }

dependencies = [
  { id = "MoveStdlib", name = "MoveStdlib" },
  { id = "Sui", name = "Sui" },
]

[move.toolchain-version]
compiler-version = "1.48.0"
edition = "2024.beta"
flavor = "sui"

[env]

[env.testnet]
chain-id = "4c78adac"
original-published-id = "0x97aaa740891acd0efcd476a1b41eb972fe693559f4e4945d6304e4c4c486740b"
latest-published-id = "0x75428a7325711910d8868a6b65655d7aae06f73c96dc16a46cb37b056c9677b7"
published-version = "3"

[env.local]
chain-id = "cdfde087"
original-published-id = "0x219aaf63252cf573b732b558c801ff3ac75c238fa54111bfa4dbdae8a007be9f"
latest-published-id = "0x219aaf63252cf573b732b558c801ff3ac75c238fa54111bfa4dbdae8a007be9f"
published-version = "1"
